
Microsoft Visual Studio Solution File, Format Version 12.00
# Visual Studio Version 17
VisualStudioVersion = 17.4.33213.308
MinimumVisualStudioVersion = 10.0.40219.1
Project("{FAE04EC0-301F-11D3-BF4B-00C04F79EFBC}") = "Laba5", "Laba5.csproj", "{479AFEF7-1E2D-4B8C-B850-2CE78A58E31C}"
EndProject
Global
	GlobalSection(SolutionConfigurationPlatforms) = preSolution
		Debug|Any CPU = Debug|Any CPU
		Release|Any CPU = Release|Any CPU
	EndGlobalSection
	GlobalSection(ProjectConfigurationPlatforms) = postSolution
		{479AFEF7-1E2D-4B8C-B850-2CE78A58E31C}.Debug|Any CPU.ActiveCfg = Debug|Any CPU
		{479AFEF7-1E2D-4B8C-B850-2CE78A58E31C}.Debug|Any CPU.Build.0 = Debug|Any CPU
		{479AFEF7-1E2D-4B8C-B850-2CE78A58E31C}.Release|Any CPU.ActiveCfg = Release|Any CPU
		{479AFEF7-1E2D-4B8C-B850-2CE78A58E31C}.Release|Any CPU.Build.0 = Release|Any CPU
	EndGlobalSection
	GlobalSection(SolutionProperties) = preSolution
		HideSolutionNode = FALSE
	EndGlobalSection
	GlobalSection(ExtensibilityGlobals) = postSolution
		SolutionGuid = {FA08AA90-0337-4887-B610-CCE5B58CD56C}
	EndGlobalSection
EndGlobal
