
Microsoft Visual Studio Solution File, Format Version 12.00
# Visual Studio Version 17
VisualStudioVersion = 17.4.33213.308
MinimumVisualStudioVersion = 10.0.40219.1
Project("{FAE04EC0-301F-11D3-BF4B-00C04F79EFBC}") = "Laba1", "Laba1.csproj", "{06B2EEA6-82A4-4EC2-8B01-F24470F8E48E}"
EndProject
Global
	GlobalSection(SolutionConfigurationPlatforms) = preSolution
		Debug|Any CPU = Debug|Any CPU
		Release|Any CPU = Release|Any CPU
	EndGlobalSection
	GlobalSection(ProjectConfigurationPlatforms) = postSolution
		{06B2EEA6-82A4-4EC2-8B01-F24470F8E48E}.Debug|Any CPU.ActiveCfg = Debug|Any CPU
		{06B2EEA6-82A4-4EC2-8B01-F24470F8E48E}.Debug|Any CPU.Build.0 = Debug|Any CPU
		{06B2EEA6-82A4-4EC2-8B01-F24470F8E48E}.Release|Any CPU.ActiveCfg = Release|Any CPU
		{06B2EEA6-82A4-4EC2-8B01-F24470F8E48E}.Release|Any CPU.Build.0 = Release|Any CPU
	EndGlobalSection
	GlobalSection(SolutionProperties) = preSolution
		HideSolutionNode = FALSE
	EndGlobalSection
	GlobalSection(ExtensibilityGlobals) = postSolution
		SolutionGuid = {DA1D57CC-9431-47CC-948E-EDE90322E516}
	EndGlobalSection
EndGlobal
