
Microsoft Visual Studio Solution File, Format Version 12.00
# Visual Studio Version 17
VisualStudioVersion = 17.5.33530.505
MinimumVisualStudioVersion = 10.0.40219.1
Project("{FAE04EC0-301F-11D3-BF4B-00C04F79EFBC}") = "Laba6", "Laba6.csproj", "{A92D9C04-9F25-4C4E-8C65-E864738B4166}"
EndProject
Global
	GlobalSection(SolutionConfigurationPlatforms) = preSolution
		Debug|Any CPU = Debug|Any CPU
		Release|Any CPU = Release|Any CPU
	EndGlobalSection
	GlobalSection(ProjectConfigurationPlatforms) = postSolution
		{A92D9C04-9F25-4C4E-8C65-E864738B4166}.Debug|Any CPU.ActiveCfg = Debug|Any CPU
		{A92D9C04-9F25-4C4E-8C65-E864738B4166}.Debug|Any CPU.Build.0 = Debug|Any CPU
		{A92D9C04-9F25-4C4E-8C65-E864738B4166}.Release|Any CPU.ActiveCfg = Release|Any CPU
		{A92D9C04-9F25-4C4E-8C65-E864738B4166}.Release|Any CPU.Build.0 = Release|Any CPU
	EndGlobalSection
	GlobalSection(SolutionProperties) = preSolution
		HideSolutionNode = FALSE
	EndGlobalSection
	GlobalSection(ExtensibilityGlobals) = postSolution
		SolutionGuid = {37E79E99-D38B-4744-9B38-64F41C34311F}
	EndGlobalSection
EndGlobal
